
Microsoft Visual Studio Solution File, Format Version 12.00
# Visual Studio Version 16
VisualStudioVersion = 16.0.31729.503
MinimumVisualStudioVersion = 10.0.40219.1
Project("{9A19103F-16F7-4668-BE54-9A1E7A4F7556}") = "ConsoleApp1", "Lecture01\ConsoleApp1\ConsoleApp1.csproj", "{35354BA0-3FFF-4161-958F-253C1398DB8F}"
EndProject
Project("{2150E333-8FDC-42A3-9474-1A3956D46DE8}") = "Lecture01", "Lecture01", "{7791FF54-9D57-4625-AE5B-D95E38D535EF}"
EndProject
Project("{FAE04EC0-301F-11D3-BF4B-00C04F79EFBC}") = "WindowsFormsApp1", "Lecture01\WindowsFormsApp1\WindowsFormsApp1.csproj", "{6795C19F-BD5F-4EA6-8812-86E92BB0744F}"
EndProject
Global
	GlobalSection(SolutionConfigurationPlatforms) = preSolution
		Debug|Any CPU = Debug|Any CPU
		Release|Any CPU = Release|Any CPU
	EndGlobalSection
	GlobalSection(ProjectConfigurationPlatforms) = postSolution
		{35354BA0-3FFF-4161-958F-253C1398DB8F}.Debug|Any CPU.ActiveCfg = Debug|Any CPU
		{35354BA0-3FFF-4161-958F-253C1398DB8F}.Debug|Any CPU.Build.0 = Debug|Any CPU
		{35354BA0-3FFF-4161-958F-253C1398DB8F}.Release|Any CPU.ActiveCfg = Release|Any CPU
		{35354BA0-3FFF-4161-958F-253C1398DB8F}.Release|Any CPU.Build.0 = Release|Any CPU
		{6795C19F-BD5F-4EA6-8812-86E92BB0744F}.Debug|Any CPU.ActiveCfg = Debug|Any CPU
		{6795C19F-BD5F-4EA6-8812-86E92BB0744F}.Debug|Any CPU.Build.0 = Debug|Any CPU
		{6795C19F-BD5F-4EA6-8812-86E92BB0744F}.Release|Any CPU.ActiveCfg = Release|Any CPU
		{6795C19F-BD5F-4EA6-8812-86E92BB0744F}.Release|Any CPU.Build.0 = Release|Any CPU
	EndGlobalSection
	GlobalSection(SolutionProperties) = preSolution
		HideSolutionNode = FALSE
	EndGlobalSection
	GlobalSection(NestedProjects) = preSolution
		{35354BA0-3FFF-4161-958F-253C1398DB8F} = {7791FF54-9D57-4625-AE5B-D95E38D535EF}
		{6795C19F-BD5F-4EA6-8812-86E92BB0744F} = {7791FF54-9D57-4625-AE5B-D95E38D535EF}
	EndGlobalSection
	GlobalSection(ExtensibilityGlobals) = postSolution
		SolutionGuid = {3C4B619D-1501-40ED-AE4F-735E99EAEF91}
	EndGlobalSection
EndGlobal
