
Microsoft Visual Studio Solution File, Format Version 12.00
# Visual Studio Version 16
VisualStudioVersion = 16.0.31729.503
MinimumVisualStudioVersion = 10.0.40219.1
Project("{9A19103F-16F7-4668-BE54-9A1E7A4F7556}") = "ConsoleApp1", "Lecture01\ConsoleApp1\ConsoleApp1.csproj", "{35354BA0-3FFF-4161-958F-253C1398DB8F}"
EndProject
Project("{2150E333-8FDC-42A3-9474-1A3956D46DE8}") = "Lecture01", "Lecture01", "{7791FF54-9D57-4625-AE5B-D95E38D535EF}"
EndProject
Project("{FAE04EC0-301F-11D3-BF4B-00C04F79EFBC}") = "WindowsFormsApp1", "Lecture01\WindowsFormsApp1\WindowsFormsApp1.csproj", "{6795C19F-BD5F-4EA6-8812-86E92BB0744F}"
EndProject
Project("{2150E333-8FDC-42A3-9474-1A3956D46DE8}") = "Lecture02", "Lecture02", "{3F70287B-C3D8-40C6-AB83-7FD8E32052AE}"
EndProject
Project("{9A19103F-16F7-4668-BE54-9A1E7A4F7556}") = "ConsoleApp2", "Lecture02\ConsoleApp2\ConsoleApp2.csproj", "{DE5244FB-ACDC-4D89-B969-ECBF023EB18F}"
EndProject
Project("{9A19103F-16F7-4668-BE54-9A1E7A4F7556}") = "ShapeDemo", "Lecture02\ShapeDemo\ShapeDemo.csproj", "{74E7997E-07EA-429C-AA94-A0065AE55FAA}"
EndProject
Project("{9A19103F-16F7-4668-BE54-9A1E7A4F7556}") = "DrawWinApp", "Lecture03\DrawWinApp\DrawWinApp.csproj", "{811906B7-379D-4E88-8661-0B983CC85DBB}"
EndProject
Project("{2150E333-8FDC-42A3-9474-1A3956D46DE8}") = "Lecture03", "Lecture03", "{A51CED9C-F3A4-4014-B175-5928B1DB8A0A}"
EndProject
Project("{2150E333-8FDC-42A3-9474-1A3956D46DE8}") = "Base", "Base", "{A3837244-F510-4B12-829B-E49D1B3948CC}"
EndProject
Project("{9A19103F-16F7-4668-BE54-9A1E7A4F7556}") = "BaseLib", "Base\BaseLib\BaseLib.csproj", "{90C4A4BD-D7BB-4189-A0AC-40C8AC675F2F}"
EndProject
Project("{9A19103F-16F7-4668-BE54-9A1E7A4F7556}") = "Base.WinForms", "Base\Base.WinForms\Base.WinForms.csproj", "{26F53425-D330-457B-AE30-82AA5DC57B84}"
EndProject
Project("{9A19103F-16F7-4668-BE54-9A1E7A4F7556}") = "ShapeLib", "Base\ShapeLib\ShapeLib.csproj", "{13AADD71-4C20-4E7C-A919-D96735A2D3F0}"
EndProject
Global
	GlobalSection(SolutionConfigurationPlatforms) = preSolution
		Debug|Any CPU = Debug|Any CPU
		Release|Any CPU = Release|Any CPU
	EndGlobalSection
	GlobalSection(ProjectConfigurationPlatforms) = postSolution
		{35354BA0-3FFF-4161-958F-253C1398DB8F}.Debug|Any CPU.ActiveCfg = Debug|Any CPU
		{35354BA0-3FFF-4161-958F-253C1398DB8F}.Debug|Any CPU.Build.0 = Debug|Any CPU
		{35354BA0-3FFF-4161-958F-253C1398DB8F}.Release|Any CPU.ActiveCfg = Release|Any CPU
		{35354BA0-3FFF-4161-958F-253C1398DB8F}.Release|Any CPU.Build.0 = Release|Any CPU
		{6795C19F-BD5F-4EA6-8812-86E92BB0744F}.Debug|Any CPU.ActiveCfg = Debug|Any CPU
		{6795C19F-BD5F-4EA6-8812-86E92BB0744F}.Debug|Any CPU.Build.0 = Debug|Any CPU
		{6795C19F-BD5F-4EA6-8812-86E92BB0744F}.Release|Any CPU.ActiveCfg = Release|Any CPU
		{6795C19F-BD5F-4EA6-8812-86E92BB0744F}.Release|Any CPU.Build.0 = Release|Any CPU
		{DE5244FB-ACDC-4D89-B969-ECBF023EB18F}.Debug|Any CPU.ActiveCfg = Debug|Any CPU
		{DE5244FB-ACDC-4D89-B969-ECBF023EB18F}.Debug|Any CPU.Build.0 = Debug|Any CPU
		{DE5244FB-ACDC-4D89-B969-ECBF023EB18F}.Release|Any CPU.ActiveCfg = Release|Any CPU
		{DE5244FB-ACDC-4D89-B969-ECBF023EB18F}.Release|Any CPU.Build.0 = Release|Any CPU
		{74E7997E-07EA-429C-AA94-A0065AE55FAA}.Debug|Any CPU.ActiveCfg = Debug|Any CPU
		{74E7997E-07EA-429C-AA94-A0065AE55FAA}.Debug|Any CPU.Build.0 = Debug|Any CPU
		{74E7997E-07EA-429C-AA94-A0065AE55FAA}.Release|Any CPU.ActiveCfg = Release|Any CPU
		{74E7997E-07EA-429C-AA94-A0065AE55FAA}.Release|Any CPU.Build.0 = Release|Any CPU
		{811906B7-379D-4E88-8661-0B983CC85DBB}.Debug|Any CPU.ActiveCfg = Debug|Any CPU
		{811906B7-379D-4E88-8661-0B983CC85DBB}.Debug|Any CPU.Build.0 = Debug|Any CPU
		{811906B7-379D-4E88-8661-0B983CC85DBB}.Release|Any CPU.ActiveCfg = Release|Any CPU
		{811906B7-379D-4E88-8661-0B983CC85DBB}.Release|Any CPU.Build.0 = Release|Any CPU
		{90C4A4BD-D7BB-4189-A0AC-40C8AC675F2F}.Debug|Any CPU.ActiveCfg = Debug|Any CPU
		{90C4A4BD-D7BB-4189-A0AC-40C8AC675F2F}.Debug|Any CPU.Build.0 = Debug|Any CPU
		{90C4A4BD-D7BB-4189-A0AC-40C8AC675F2F}.Release|Any CPU.ActiveCfg = Release|Any CPU
		{90C4A4BD-D7BB-4189-A0AC-40C8AC675F2F}.Release|Any CPU.Build.0 = Release|Any CPU
		{26F53425-D330-457B-AE30-82AA5DC57B84}.Debug|Any CPU.ActiveCfg = Debug|Any CPU
		{26F53425-D330-457B-AE30-82AA5DC57B84}.Debug|Any CPU.Build.0 = Debug|Any CPU
		{26F53425-D330-457B-AE30-82AA5DC57B84}.Release|Any CPU.ActiveCfg = Release|Any CPU
		{26F53425-D330-457B-AE30-82AA5DC57B84}.Release|Any CPU.Build.0 = Release|Any CPU
		{13AADD71-4C20-4E7C-A919-D96735A2D3F0}.Debug|Any CPU.ActiveCfg = Debug|Any CPU
		{13AADD71-4C20-4E7C-A919-D96735A2D3F0}.Debug|Any CPU.Build.0 = Debug|Any CPU
		{13AADD71-4C20-4E7C-A919-D96735A2D3F0}.Release|Any CPU.ActiveCfg = Release|Any CPU
		{13AADD71-4C20-4E7C-A919-D96735A2D3F0}.Release|Any CPU.Build.0 = Release|Any CPU
	EndGlobalSection
	GlobalSection(SolutionProperties) = preSolution
		HideSolutionNode = FALSE
	EndGlobalSection
	GlobalSection(NestedProjects) = preSolution
		{35354BA0-3FFF-4161-958F-253C1398DB8F} = {7791FF54-9D57-4625-AE5B-D95E38D535EF}
		{6795C19F-BD5F-4EA6-8812-86E92BB0744F} = {7791FF54-9D57-4625-AE5B-D95E38D535EF}
		{DE5244FB-ACDC-4D89-B969-ECBF023EB18F} = {3F70287B-C3D8-40C6-AB83-7FD8E32052AE}
		{74E7997E-07EA-429C-AA94-A0065AE55FAA} = {3F70287B-C3D8-40C6-AB83-7FD8E32052AE}
		{811906B7-379D-4E88-8661-0B983CC85DBB} = {A51CED9C-F3A4-4014-B175-5928B1DB8A0A}
		{90C4A4BD-D7BB-4189-A0AC-40C8AC675F2F} = {A3837244-F510-4B12-829B-E49D1B3948CC}
		{26F53425-D330-457B-AE30-82AA5DC57B84} = {A3837244-F510-4B12-829B-E49D1B3948CC}
		{13AADD71-4C20-4E7C-A919-D96735A2D3F0} = {A3837244-F510-4B12-829B-E49D1B3948CC}
	EndGlobalSection
	GlobalSection(ExtensibilityGlobals) = postSolution
		SolutionGuid = {3C4B619D-1501-40ED-AE4F-735E99EAEF91}
	EndGlobalSection
EndGlobal
